<?xml version="1.0" encoding="utf-8"?>
<Project ToolsVersion="4.0" xmlns="http://schemas.microsoft.com/developer/msbuild/2003">
  <ItemGroup>
    <Filter Include="src">
      <UniqueIdentifier>{6816f2f4-09da-446d-bb03-b3d2a2093e37}</UniqueIdentifier>
    </Filter>
    <Filter Include="shaders">
      <UniqueIdentifier>{5733b9ec-8bbc-47f2-ba7e-82b2f9eb2ce9}</UniqueIdentifier>
    </Filter>
    <Filter Include="Geometry">
      <UniqueIdentifier>{fc16b42a-9fe0-432e-91a0-bcbb86ba6a82}</UniqueIdentifier>
    </Filter>
  </ItemGroup>
  <ItemGroup>
    <ClInclude Include="scr\auxiliar.h">
      <Filter>src</Filter>
    </ClInclude>
    <ClInclude Include="scr\Mesh.h">
      <Filter>src</Filter>
    </ClInclude>
    <ClInclude Include="scr\Camera.h">
      <Filter>src</Filter>
    </ClInclude>
    <ClInclude Include="scr\Shader.h">
      <Filter>src</Filter>
    </ClInclude>
    <ClInclude Include="scr\PLANE.h">
      <Filter>Geometry</Filter>
    </ClInclude>
    <ClInclude Include="scr\BOX.h">
      <Filter>Geometry</Filter>
    </ClInclude>
  </ItemGroup>
  <ItemGroup>
    <ClCompile Include="scr\main.cpp">
      <Filter>src</Filter>
    </ClCompile>
    <ClCompile Include="scr\auxiliar.cpp">
      <Filter>src</Filter>
    </ClCompile>
  </ItemGroup>
  <ItemGroup>
    <None Include="..\shaders_P3\shader.v0.vert">
      <Filter>shaders</Filter>
    </None>
    <None Include="..\shaders_P3\shader.v0.frag">
      <Filter>shaders</Filter>
    </None>
    <None Include="..\shaders_P3\shader.v1.vert">
      <Filter>shaders</Filter>
    </None>
    <None Include="..\shaders_P3\shader.v1.frag">
      <Filter>shaders</Filter>
    </None>
    <None Include="packages.config" />
    <None Include="..\shaders_P3\shader.v3.vert">
      <Filter>shaders</Filter>
    </None>
    <None Include="..\shaders_P3\shader.v3.frag">
      <Filter>shaders</Filter>
    </None>
    <None Include="..\shaders_P3\shader.v4.vert">
      <Filter>shaders</Filter>
    </None>
    <None Include="..\shaders_P3\shader.v4.frag">
      <Filter>shaders</Filter>
    </None>
    <None Include="..\shaders_P3\shader.v5.frag">
      <Filter>shaders</Filter>
    </None>
    <None Include="..\shaders_P3\shader.v5.vert">
      <Filter>shaders</Filter>
    </None>
    <None Include="..\shaders_P3\shader.v6.frag">
      <Filter>shaders</Filter>
    </None>
    <None Include="..\shaders_P3\shader.v6.vert">
      <Filter>shaders</Filter>
    </None>
  </ItemGroup>
</Project>